{
  "version": "5",
  "specifiers": {
    "jsr:@std/assert@^1.0.19": "1.0.19",
    "jsr:@std/dotenv@*": "0.225.5",
    "jsr:@std/internal@^1.0.12": "1.0.12",
    "npm:@telegraf/types@*": "9.2.1",
    "npm:@telegraf/types@9.2.1": "9.2.1",
    "npm:@types/ramda@*": "0.31.1",
    "npm:fast-xml-parser@5.5.10": "5.5.10",
    "npm:ky@1.14.3": "1.14.3",
    "npm:ramda@0.32.0": "0.32.0",
    "npm:typed-inject@5": "5.0.0"
  },
  "jsr": {
    "@std/assert@1.0.19": {
      "integrity": "eaada96ee120cb980bc47e040f82814d786fe8162ecc53c91d8df60b8755991e",
      "dependencies": [
        "jsr:@std/internal"
      ]
    },
    "@std/dotenv@0.225.5": {
      "integrity": "9ce6f9d0ec3311f74a32535aa1b8c62ed88b1ab91b7f0815797d77a6f60c922f"
    },
    "@std/internal@1.0.12": {
      "integrity": "972a634fd5bc34b242024402972cd5143eac68d8dffaca5eaa4dba30ce17b027"
    }
  },
  "npm": {
    "@telegraf/types@9.2.1": {
      "integrity": "sha512-GUL3imlzu78NXZc05eVI6r45VMmYET2Xww+Cfjt+RCKYy1O9jO3xcZResi62qaGkKo3lIwB4do+aGkivRhOEOA=="
    },
    "@types/ramda@0.31.1": {
      "integrity": "sha512-Vt6sFXnuRpzaEj+yeutA0q3bcAsK7wdPuASIzR9LXqL4gJPyFw8im9qchlbp4ltuf3kDEIRmPJTD/Fkg60dn7g==",
      "dependencies": [
        "types-ramda"
      ]
    },
    "fast-xml-builder@1.1.4": {
      "integrity": "sha512-f2jhpN4Eccy0/Uz9csxh3Nu6q4ErKxf0XIsasomfOihuSUa3/xw6w8dnOtCDgEItQFJG8KyXPzQXzcODDrrbOg==",
      "dependencies": [
        "path-expression-matcher"
      ]
    },
    "fast-xml-parser@5.5.10": {
      "integrity": "sha512-go2J2xODMc32hT+4Xr/bBGXMaIoiCwrwp2mMtAvKyvEFW6S/v5Gn2pBmE4nvbwNjGhpcAiOwEv7R6/GZ6XRa9w==",
      "dependencies": [
        "fast-xml-builder",
        "path-expression-matcher",
        "strnum"
      ],
      "bin": true
    },
    "ky@1.14.3": {
      "integrity": "sha512-9zy9lkjac+TR1c2tG+mkNSVlyOpInnWdSMiue4F+kq8TwJSgv6o8jhLRg8Ho6SnZ9wOYUq/yozts9qQCfk7bIw=="
    },
    "path-expression-matcher@1.2.1": {
      "integrity": "sha512-d7gQQmLvAKXKXE2GeP9apIGbMYKz88zWdsn/BN2HRWVQsDFdUY36WSLTY0Jvd4HWi7Fb30gQ62oAOzdgJA6fZw=="
    },
    "ramda@0.32.0": {
      "integrity": "sha512-GQWAHhxhxWBWA8oIBr1XahFVjQ9Fic6MK9ikijfd4TZHfE2+urfk+irVlR5VOn48uwMgM+loRRBJd6Yjsbc0zQ=="
    },
    "strnum@2.2.2": {
      "integrity": "sha512-DnR90I+jtXNSTXWdwrEy9FakW7UX+qUZg28gj5fk2vxxl7uS/3bpI4fjFYVmdK9etptYBPNkpahuQnEwhwECqA=="
    },
    "ts-toolbelt@9.6.0": {
      "integrity": "sha512-nsZd8ZeNUzukXPlJmTBwUAuABDe/9qtVDelJeT/qW0ow3ZS3BsQJtNkan1802aM9Uf68/Y8ljw86Hu0h5IUW3w=="
    },
    "typed-inject@5.0.0": {
      "integrity": "sha512-0Ql2ORqBORLMdAW89TQKZsb1PQkFGImFfVmncXWe7a+AA3+7dh7Se9exxZowH4kbnlvKEFkMxUYdHUpjYWFJaA=="
    },
    "types-ramda@0.31.0": {
      "integrity": "sha512-vaoC35CRC3xvL8Z6HkshDbi6KWM1ezK0LHN0YyxXWUn9HKzBNg/T3xSGlJZjCYspnOD3jE7bcizsp0bUXZDxnQ==",
      "dependencies": [
        "ts-toolbelt"
      ]
    }
  },
  "workspace": {
    "dependencies": [
      "jsr:@std/assert@^1.0.19",
      "npm:@telegraf/types@*",
      "npm:@telegraf/types@9.2.1",
      "npm:@types/ramda@*",
      "npm:fast-xml-parser@5.5.10",
      "npm:ky@1.14.3",
      "npm:ramda@0.32.0",
      "npm:typed-inject@5"
    ]
  }
}
